
Microsoft Visual Studio Solution File, Format Version 12.00
# Visual Studio Version 17
VisualStudioVersion = 17.8.34309.116
MinimumVisualStudioVersion = 10.0.40219.1
Project("{9A19103F-16F7-4668-BE54-9A1E7A4F7556}") = "ucp_umbraco", "ucp_umbraco.csproj", "{01676197-DDCB-4890-8215-A45A20EA02FA}"
EndProject
Global
	GlobalSection(SolutionConfigurationPlatforms) = preSolution
		Debug|Any CPU = Debug|Any CPU
		Release|Any CPU = Release|Any CPU
	EndGlobalSection
	GlobalSection(ProjectConfigurationPlatforms) = postSolution
		{01676197-DDCB-4890-8215-A45A20EA02FA}.Debug|Any CPU.ActiveCfg = Debug|Any CPU
		{01676197-DDCB-4890-8215-A45A20EA02FA}.Debug|Any CPU.Build.0 = Debug|Any CPU
		{01676197-DDCB-4890-8215-A45A20EA02FA}.Release|Any CPU.ActiveCfg = Release|Any CPU
		{01676197-DDCB-4890-8215-A45A20EA02FA}.Release|Any CPU.Build.0 = Release|Any CPU
	EndGlobalSection
	GlobalSection(SolutionProperties) = preSolution
		HideSolutionNode = FALSE
	EndGlobalSection
	GlobalSection(ExtensibilityGlobals) = postSolution
		SolutionGuid = {F96757C4-66B8-488C-9200-659D44A48FA5}
	EndGlobalSection
EndGlobal
